
Microsoft Visual Studio Solution File, Format Version 12.00
# Visual Studio 15
VisualStudioVersion = 15.0.28307.421
MinimumVisualStudioVersion = 10.0.40219.1
Project("{FAE04EC0-301F-11D3-BF4B-00C04F79EFBC}") = "RazorPagesMovie", "RazorPagesMovie\RazorPagesMovie.csproj", "{7AEADA34-955F-4061-AA57-5E6712499CDD}"
EndProject
Global
	GlobalSection(SolutionConfigurationPlatforms) = preSolution
		Debug|Any CPU = Debug|Any CPU
		Release|Any CPU = Release|Any CPU
	EndGlobalSection
	GlobalSection(ProjectConfigurationPlatforms) = postSolution
		{7AEADA34-955F-4061-AA57-5E6712499CDD}.Debug|Any CPU.ActiveCfg = Debug|Any CPU
		{7AEADA34-955F-4061-AA57-5E6712499CDD}.Debug|Any CPU.Build.0 = Debug|Any CPU
		{7AEADA34-955F-4061-AA57-5E6712499CDD}.Release|Any CPU.ActiveCfg = Release|Any CPU
		{7AEADA34-955F-4061-AA57-5E6712499CDD}.Release|Any CPU.Build.0 = Release|Any CPU
	EndGlobalSection
	GlobalSection(SolutionProperties) = preSolution
		HideSolutionNode = FALSE
	EndGlobalSection
	GlobalSection(ExtensibilityGlobals) = postSolution
		SolutionGuid = {4276E145-4E1A-474D-8CE7-AEBEEDBA2737}
	EndGlobalSection
EndGlobal
